{
    "version": 3,
    "terraform_version": "0.11.14",
    "serial": 12,
    "lineage": "244a01c6-89d5-b9f5-6e6f-8b392b0f52ee",
    "modules": [
        {
            "path": [
                "root"
            ],
            "outputs": {},
            "resources": {
                "google_compute_firewall.firewall": {
                    "type": "google_compute_firewall",
                    "depends_on": [
                        "google_compute_network.network"
                    ],
                    "primary": {
                        "id": "firewall",
                        "attributes": {
                            "allow.#": "2",
                            "allow.1367131964.ports.#": "0",
                            "allow.1367131964.protocol": "icmp",
                            "allow.803338340.ports.#": "1",
                            "allow.803338340.ports.0": "22",
                            "allow.803338340.protocol": "tcp",
                            "creation_timestamp": "2019-05-28T03:46:57.150-07:00",
                            "deny.#": "0",
                            "description": "",
                            "destination_ranges.#": "0",
                            "direction": "INGRESS",
                            "disabled": "false",
                            "id": "firewall",
                            "name": "firewall",
                            "network": "https://www.googleapis.com/compute/v1/projects/projet1-241907/global/networks/vnet",
                            "priority": "1000",
                            "project": "projet1-241907",
                            "self_link": "https://www.googleapis.com/compute/v1/projects/projet1-241907/global/firewalls/firewall",
                            "source_ranges.#": "0",
                            "source_service_accounts.#": "0",
                            "source_tags.#": "1",
                            "source_tags.2356372769": "foo",
                            "target_service_accounts.#": "0",
                            "target_tags.#": "0"
                        },
                        "meta": {
                            "e2bfb730-ecaa-11e6-8f88-34363bc7c4c0": {
                                "create": 240000000000,
                                "delete": 240000000000,
                                "update": 240000000000
                            },
                            "schema_version": "1"
                        },
                        "tainted": false
                    },
                    "deposed": [],
                    "provider": "provider.google"
                },
                "google_compute_firewall.firewall1": {
                    "type": "google_compute_firewall",
                    "depends_on": [
                        "google_compute_network.network"
                    ],
                    "primary": {
                        "id": "firewall1",
                        "attributes": {
                            "allow.#": "2",
                            "allow.1367131964.ports.#": "0",
                            "allow.1367131964.protocol": "icmp",
                            "allow.803338340.ports.#": "1",
                            "allow.803338340.ports.0": "22",
                            "allow.803338340.protocol": "tcp",
                            "creation_timestamp": "2019-05-28T03:46:57.053-07:00",
                            "deny.#": "0",
                            "description": "",
                            "destination_ranges.#": "0",
                            "direction": "INGRESS",
                            "disabled": "false",
                            "id": "firewall1",
                            "name": "firewall1",
                            "network": "https://www.googleapis.com/compute/v1/projects/projet1-241907/global/networks/vnet",
                            "priority": "1000",
                            "project": "projet1-241907",
                            "self_link": "https://www.googleapis.com/compute/v1/projects/projet1-241907/global/firewalls/firewall1",
                            "source_ranges.#": "0",
                            "source_service_accounts.#": "0",
                            "source_tags.#": "1",
                            "source_tags.2479952447": "too",
                            "target_service_accounts.#": "0",
                            "target_tags.#": "0"
                        },
                        "meta": {
                            "e2bfb730-ecaa-11e6-8f88-34363bc7c4c0": {
                                "create": 240000000000,
                                "delete": 240000000000,
                                "update": 240000000000
                            },
                            "schema_version": "1"
                        },
                        "tainted": false
                    },
                    "deposed": [],
                    "provider": "provider.google"
                },
                "google_compute_instance.instance": {
                    "type": "google_compute_instance",
                    "depends_on": [
                        "google_compute_network.network",
                        "google_compute_subnetwork.subnet1"
                    ],
                    "primary": {
                        "id": "machine",
                        "attributes": {
                            "attached_disk.#": "0",
                            "boot_disk.#": "1",
                            "boot_disk.0.auto_delete": "true",
                            "boot_disk.0.device_name": "persistent-disk-0",
                            "boot_disk.0.disk_encryption_key_raw": "",
                            "boot_disk.0.disk_encryption_key_sha256": "",
                            "boot_disk.0.initialize_params.#": "1",
                            "boot_disk.0.initialize_params.0.image": "https://www.googleapis.com/compute/v1/projects/ubuntu-os-cloud/global/images/ubuntu-1604-xenial-v20190514",
                            "boot_disk.0.initialize_params.0.size": "30",
                            "boot_disk.0.initialize_params.0.type": "pd-standard",
                            "boot_disk.0.kms_key_self_link": "",
                            "boot_disk.0.source": "https://www.googleapis.com/compute/v1/projects/projet1-241907/zones/us-central1-a/disks/machine",
                            "can_ip_forward": "false",
                            "cpu_platform": "Intel Haswell",
                            "deletion_protection": "false",
                            "guest_accelerator.#": "0",
                            "hostname": "",
                            "id": "machine",
                            "instance_id": "4431492699228516188",
                            "label_fingerprint": "42WmSpB8rSM=",
                            "labels.%": "0",
                            "machine_type": "n1-standard-1",
                            "metadata.%": "1",
                            "metadata.ssh-keys": "root:ssh-rsa AAAAB3NzaC1yc2EAAAADAQABAAABAQCmLTbm3lO5+VdKCeXp7xj/NMr11J+b8pRUTNulqXALHKuG0lKfbChjTuhef+0wZvZ6PHQgRI4uX9rkwjFfwnMM7MyGd8za6NuOmf9jSMEtut+eVMSsq+xxRXw8kAlGX4tiYYGQhX4Hyq/hvatFE8YrcGrZbQVneJWJqstOP3bczTEVhviCRYKU0ZHAxmMCvlALzP/o0migLzQpjn0B7QfIDhFX+HBN5UL0E6L76F2VC/Uo64x/YpWsyq8+nqHTKFwlyVrgXhUJEvTT2s/4A6JHPAoOHW+tsEHaYUsERwh4ehyoPgxcAKss/E5yZbqyvydgRt4zHai7ZND55iwuJgIf root@localhost.localdomain\n",
                            "metadata_fingerprint": "kHAE8stvQ7o=",
                            "metadata_startup_script": "",
                            "min_cpu_platform": "",
                            "name": "machine",
                            "network_interface.#": "1",
                            "network_interface.0.access_config.#": "1",
                            "network_interface.0.access_config.0.assigned_nat_ip": "",
                            "network_interface.0.access_config.0.nat_ip": "35.192.97.178",
                            "network_interface.0.access_config.0.network_tier": "PREMIUM",
                            "network_interface.0.access_config.0.public_ptr_domain_name": "",
                            "network_interface.0.address": "",
                            "network_interface.0.alias_ip_range.#": "0",
                            "network_interface.0.name": "nic0",
                            "network_interface.0.network": "https://www.googleapis.com/compute/v1/projects/projet1-241907/global/networks/vnet",
                            "network_interface.0.network_ip": "10.0.0.2",
                            "network_interface.0.subnetwork": "https://www.googleapis.com/compute/v1/projects/projet1-241907/regions/us-central1/subnetworks/subnet1",
                            "network_interface.0.subnetwork_project": "projet1-241907",
                            "project": "projet1-241907",
                            "scheduling.#": "1",
                            "scheduling.0.automatic_restart": "true",
                            "scheduling.0.node_affinities.#": "0",
                            "scheduling.0.on_host_maintenance": "MIGRATE",
                            "scheduling.0.preemptible": "false",
                            "scratch_disk.#": "0",
                            "self_link": "https://www.googleapis.com/compute/v1/projects/projet1-241907/zones/us-central1-a/instances/machine",
                            "service_account.#": "0",
                            "shielded_instance_config.#": "0",
                            "tags.#": "1",
                            "tags.2356372769": "foo",
                            "tags_fingerprint": "dTwiLQiQFJI=",
                            "zone": "us-central1-a"
                        },
                        "meta": {
                            "e2bfb730-ecaa-11e6-8f88-34363bc7c4c0": {
                                "create": 360000000000,
                                "delete": 360000000000,
                                "update": 360000000000
                            },
                            "schema_version": "6"
                        },
                        "tainted": false
                    },
                    "deposed": [],
                    "provider": "provider.google"
                },
                "google_compute_network.network": {
                    "type": "google_compute_network",
                    "depends_on": [],
                    "primary": {
                        "id": "vnet",
                        "attributes": {
                            "auto_create_subnetworks": "false",
                            "delete_default_routes_on_create": "false",
                            "description": "",
                            "gateway_ipv4": "",
                            "id": "vnet",
                            "ipv4_range": "",
                            "name": "vnet",
                            "project": "projet1-241907",
                            "routing_mode": "REGIONAL",
                            "self_link": "https://www.googleapis.com/compute/v1/projects/projet1-241907/global/networks/vnet"
                        },
                        "meta": {
                            "e2bfb730-ecaa-11e6-8f88-34363bc7c4c0": {
                                "create": 240000000000,
                                "delete": 240000000000,
                                "update": 240000000000
                            }
                        },
                        "tainted": false
                    },
                    "deposed": [],
                    "provider": "provider.google"
                },
                "google_compute_subnetwork.subnet1": {
                    "type": "google_compute_subnetwork",
                    "depends_on": [
                        "google_compute_network.network"
                    ],
                    "primary": {
                        "id": "us-central1/subnet1",
                        "attributes": {
                            "creation_timestamp": "2019-05-28T03:46:57.299-07:00",
                            "description": "",
                            "enable_flow_logs": "false",
                            "fingerprint": "qVUYuk_li6Q=",
                            "gateway_address": "10.0.0.1",
                            "id": "us-central1/subnet1",
                            "ip_cidr_range": "10.0.0.0/16",
                            "name": "subnet1",
                            "network": "https://www.googleapis.com/compute/v1/projects/projet1-241907/global/networks/vnet",
                            "private_ip_google_access": "false",
                            "project": "projet1-241907",
                            "region": "us-central1",
                            "secondary_ip_range.#": "0",
                            "self_link": "https://www.googleapis.com/compute/v1/projects/projet1-241907/regions/us-central1/subnetworks/subnet1"
                        },
                        "meta": {
                            "e2bfb730-ecaa-11e6-8f88-34363bc7c4c0": {
                                "create": 360000000000,
                                "delete": 360000000000,
                                "update": 360000000000
                            }
                        },
                        "tainted": false
                    },
                    "deposed": [],
                    "provider": "provider.google"
                },
                "google_compute_subnetwork.subnet2": {
                    "type": "google_compute_subnetwork",
                    "depends_on": [
                        "google_compute_network.network"
                    ],
                    "primary": {
                        "id": "us-central1/subnet-nods",
                        "attributes": {
                            "creation_timestamp": "2019-05-28T03:46:57.205-07:00",
                            "description": "",
                            "enable_flow_logs": "false",
                            "fingerprint": "HPw7H8lBGpE=",
                            "gateway_address": "172.20.0.1",
                            "id": "us-central1/subnet-nods",
                            "ip_cidr_range": "172.20.0.0/16",
                            "name": "subnet-nods",
                            "network": "https://www.googleapis.com/compute/v1/projects/projet1-241907/global/networks/vnet",
                            "private_ip_google_access": "false",
                            "project": "projet1-241907",
                            "region": "us-central1",
                            "secondary_ip_range.#": "2",
                            "secondary_ip_range.0.ip_cidr_range": "10.200.0.0/16",
                            "secondary_ip_range.0.range_name": "range-pods",
                            "secondary_ip_range.1.ip_cidr_range": "192.168.10.0/27",
                            "secondary_ip_range.1.range_name": "range-services",
                            "self_link": "https://www.googleapis.com/compute/v1/projects/projet1-241907/regions/us-central1/subnetworks/subnet-nods"
                        },
                        "meta": {
                            "e2bfb730-ecaa-11e6-8f88-34363bc7c4c0": {
                                "create": 360000000000,
                                "delete": 360000000000,
                                "update": 360000000000
                            }
                        },
                        "tainted": false
                    },
                    "deposed": [],
                    "provider": "provider.google"
                },
                "google_container_cluster.primary": {
                    "type": "google_container_cluster",
                    "depends_on": [
                        "google_compute_network.network",
                        "google_compute_subnetwork.subnet2"
                    ],
                    "primary": {
                        "id": "tf-gke-helm",
                        "attributes": {
                            "additional_zones.#": "0",
                            "addons_config.#": "1",
                            "addons_config.0.horizontal_pod_autoscaling.#": "0",
                            "addons_config.0.http_load_balancing.#": "0",
                            "addons_config.0.kubernetes_dashboard.#": "1",
                            "addons_config.0.kubernetes_dashboard.0.disabled": "true",
                            "addons_config.0.network_policy_config.#": "1",
                            "addons_config.0.network_policy_config.0.disabled": "true",
                            "cluster_autoscaling.#": "0",
                            "cluster_ipv4_cidr": "10.200.0.0/16",
                            "description": "",
                            "enable_kubernetes_alpha": "false",
                            "enable_legacy_abac": "false",
                            "endpoint": "192.168.128.2",
                            "id": "tf-gke-helm",
                            "initial_node_count": "1",
                            "instance_group_urls.#": "0",
                            "ip_allocation_policy.#": "1",
                            "ip_allocation_policy.0.cluster_ipv4_cidr_block": "10.200.0.0/16",
                            "ip_allocation_policy.0.cluster_secondary_range_name": "range-pods",
                            "ip_allocation_policy.0.create_subnetwork": "false",
                            "ip_allocation_policy.0.node_ipv4_cidr_block": "172.20.0.0/16",
                            "ip_allocation_policy.0.services_ipv4_cidr_block": "192.168.10.0/27",
                            "ip_allocation_policy.0.services_secondary_range_name": "range-services",
                            "ip_allocation_policy.0.subnetwork_name": "",
                            "ip_allocation_policy.0.use_ip_aliases": "true",
                            "location": "us-central1-a",
                            "logging_service": "logging.googleapis.com",
                            "maintenance_policy.#": "0",
                            "master_auth.#": "1",
                            "master_auth.0.client_certificate": "",
                            "master_auth.0.client_certificate_config.#": "1",
                            "master_auth.0.client_certificate_config.0.issue_client_certificate": "false",
                            "master_auth.0.client_key": "",
                            "master_auth.0.cluster_ca_certificate": "LS0tLS1CRUdJTiBDRVJUSUZJQ0FURS0tLS0tCk1JSURDekNDQWZPZ0F3SUJBZ0lRS3ZrZGdtWDVQMWNyZytTMktwNjZUVEFOQmdrcWhraUc5dzBCQVFzRkFEQXYKTVMwd0t3WURWUVFERXlRelpqa3lZVEV3TkMxak1XTXhMVFF6TXpJdE9UWXhNUzFsTnpKaU1UYzJNbU5qT1RrdwpIaGNOTVRrd05USTRNRGswTnpNeldoY05NalF3TlRJMk1UQTBOek16V2pBdk1TMHdLd1lEVlFRREV5UXpaamt5CllURXdOQzFqTVdNeExUUXpNekl0T1RZeE1TMWxOekppTVRjMk1tTmpPVGt3Z2dFaU1BMEdDU3FHU0liM0RRRUIKQVFVQUE0SUJEd0F3Z2dFS0FvSUJBUUNXL2Y1RkM0Q2wrNW9VbjlVS3NnZU1ockZ4ZkJaUkhpM0RNMVlabWkyNgp5UGdVVGhtMVNEcUVsQ2hpRG81ZTRvZU9SMTFTUmc2bXBRcEJjdDNraU9JYjAzNFJOVkU3N0NQQUtkeFhsVHRmCjJKT2E1Z1FNNTJOK25veC8zeDBNTjdPVFM4enZKL1c0eHNVTEZORTR5eCtMc3dJSExFUC93S1FsV09jWDRJejgKZTVlUE1nZm1aQkE5MWFhQm5sV2w1VndNUkZlaCtsdW5mdG1tWDYydTdaWitWS1I0Y0hhWjVnWlJVRThOc3dFRwpMTDRSZnJ3VnovMDlOaU9iaHZkeGhNUjhHdTF2OU05cFNwY1d0RWRuMjc1cTdHUFJYYUgrbkF6VzI4YUFTN29TCkZVR2hiSTNmQzFaQkRVMUNPdWtNb0UxSHNyUTljaTZtejJVdGVMWVYyT3UzQWdNQkFBR2pJekFoTUE0R0ExVWQKRHdFQi93UUVBd0lDQkRBUEJnTlZIUk1CQWY4RUJUQURBUUgvTUEwR0NTcUdTSWIzRFFFQkN3VUFBNElCQVFBaQpYcnRSRTU4M1RaM0pvejZway8wL1ZITTdLZWhWcGZPWEZOYWtYMlNXaUNQU3hFdFpJZS8yVi82OWdsYUw1R1EzCjFQY3hEcDF1aHFLMGZWdVBWUkxPTUkxbnordlljRHJMQjRiVHI1RnB6ZEc3Y2g1cituTVJ1OFhyMzBCOEgzcC8Kd3NGOENoNnk5MFRCNHBCQXdwQUR4dEZSVi9tY2w3eGdZZUZZL1JEc2oveGljR2RaV2dFRUhpaUUzOTdwc2dzaQpQenVPTWtTT1Vva0c2b1VzWjg0dngrOEhRak5xQVFQY2YvZ3ZpQnUrd0h1ZmcwSHVIY09TWTZ6ZU1GTmkwYzdlCjNmK2l5Sm54Q0kwUnQrdmpuYkZHU3BiZUtxcHB5OXlKWTBKOEdTdlFLNDloZ3A1aVVZcjdKUGEwbXp3eEhiSi8KeTZRb0R1SHBTekt6dURLazFzdmIKLS0tLS1FTkQgQ0VSVElGSUNBVEUtLS0tLQo=",
                            "master_auth.0.password": "",
                            "master_auth.0.username": "",
                            "master_authorized_networks_config.#": "1",
                            "master_authorized_networks_config.0.cidr_blocks.#": "1",
                            "master_authorized_networks_config.0.cidr_blocks.260810542.cidr_block": "10.0.0.0/16",
                            "master_authorized_networks_config.0.cidr_blocks.260810542.display_name": "net1",
                            "master_version": "1.12.7-gke.10",
                            "monitoring_service": "monitoring.googleapis.com",
                            "name": "tf-gke-helm",
                            "network": "projects/projet1-241907/global/networks/vnet",
                            "network_policy.#": "1",
                            "network_policy.0.enabled": "false",
                            "network_policy.0.provider": "PROVIDER_UNSPECIFIED",
                            "node_config.#": "0",
                            "node_locations.#": "0",
                            "node_pool.#": "0",
                            "node_version": "1.12.7-gke.10",
                            "private_cluster_config.#": "1",
                            "private_cluster_config.0.enable_private_endpoint": "true",
                            "private_cluster_config.0.enable_private_nodes": "true",
                            "private_cluster_config.0.master_ipv4_cidr_block": "192.168.128.0/28",
                            "private_cluster_config.0.private_endpoint": "192.168.128.2",
                            "private_cluster_config.0.public_endpoint": "104.198.143.248",
                            "project": "projet1-241907",
                            "remove_default_node_pool": "true",
                            "resource_labels.%": "0",
                            "subnetwork": "projects/projet1-241907/regions/us-central1/subnetworks/subnet-nods",
                            "zone": "us-central1-a"
                        },
                        "meta": {
                            "e2bfb730-ecaa-11e6-8f88-34363bc7c4c0": {
                                "create": 1800000000000,
                                "delete": 1800000000000,
                                "update": 1800000000000
                            },
                            "schema_version": "1"
                        },
                        "tainted": false
                    },
                    "deposed": [],
                    "provider": "provider.google"
                },
                "google_container_node_pool.primary_pool": {
                    "type": "google_container_node_pool",
                    "depends_on": [
                        "google_container_cluster.primary"
                    ],
                    "primary": {
                        "id": "us-central1-a/tf-gke-helm/primary-pool",
                        "attributes": {
                            "cluster": "tf-gke-helm",
                            "id": "us-central1-a/tf-gke-helm/primary-pool",
                            "initial_node_count": "2",
                            "instance_group_urls.#": "1",
                            "instance_group_urls.0": "https://www.googleapis.com/compute/v1/projects/projet1-241907/zones/us-central1-a/instanceGroupManagers/gke-tf-gke-helm-primary-pool-5e53ccb3-grp",
                            "location": "us-central1-a",
                            "management.#": "1",
                            "management.0.auto_repair": "false",
                            "management.0.auto_upgrade": "false",
                            "name": "primary-pool",
                            "name_prefix": "",
                            "node_config.#": "1",
                            "node_config.0.disk_size_gb": "100",
                            "node_config.0.disk_type": "pd-standard",
                            "node_config.0.guest_accelerator.#": "0",
                            "node_config.0.image_type": "COS",
                            "node_config.0.labels.%": "0",
                            "node_config.0.local_ssd_count": "0",
                            "node_config.0.machine_type": "n1-standard-1",
                            "node_config.0.metadata.%": "1",
                            "node_config.0.metadata.disable-legacy-endpoints": "true",
                            "node_config.0.min_cpu_platform": "",
                            "node_config.0.oauth_scopes.#": "2",
                            "node_config.0.oauth_scopes.1277378754": "https://www.googleapis.com/auth/monitoring",
                            "node_config.0.oauth_scopes.172152165": "https://www.googleapis.com/auth/logging.write",
                            "node_config.0.preemptible": "false",
                            "node_config.0.service_account": "default",
                            "node_config.0.tags.#": "0",
                            "node_config.0.taint.#": "0",
                            "node_config.0.workload_metadata_config.#": "0",
                            "node_count": "2",
                            "project": "projet1-241907",
                            "version": "1.12.7-gke.10",
                            "zone": "us-central1-a"
                        },
                        "meta": {
                            "e2bfb730-ecaa-11e6-8f88-34363bc7c4c0": {
                                "create": 1800000000000,
                                "delete": 600000000000,
                                "update": 600000000000
                            },
                            "schema_version": "1"
                        },
                        "tainted": false
                    },
                    "deposed": [],
                    "provider": "provider.google"
                }
            },
            "depends_on": []
        }
    ]
}
