{
    "version": 3,
    "terraform_version": "0.11.14",
    "serial": 9,
    "lineage": "244a01c6-89d5-b9f5-6e6f-8b392b0f52ee",
    "modules": [
        {
            "path": [
                "root"
            ],
            "outputs": {},
            "resources": {
                "google_compute_firewall.firewall": {
                    "type": "google_compute_firewall",
                    "depends_on": [
                        "google_compute_network.network"
                    ],
                    "primary": {
                        "id": "firewall",
                        "attributes": {
                            "allow.#": "2",
                            "allow.1367131964.ports.#": "0",
                            "allow.1367131964.protocol": "icmp",
                            "allow.803338340.ports.#": "1",
                            "allow.803338340.ports.0": "22",
                            "allow.803338340.protocol": "tcp",
                            "creation_timestamp": "2019-05-28T02:37:08.546-07:00",
                            "deny.#": "0",
                            "description": "",
                            "destination_ranges.#": "0",
                            "direction": "INGRESS",
                            "disabled": "false",
                            "id": "firewall",
                            "name": "firewall",
                            "network": "https://www.googleapis.com/compute/v1/projects/projet1-241907/global/networks/vnet",
                            "priority": "1000",
                            "project": "projet1-241907",
                            "self_link": "https://www.googleapis.com/compute/v1/projects/projet1-241907/global/firewalls/firewall",
                            "source_ranges.#": "0",
                            "source_service_accounts.#": "0",
                            "source_tags.#": "1",
                            "source_tags.2356372769": "foo",
                            "target_service_accounts.#": "0",
                            "target_tags.#": "0"
                        },
                        "meta": {
                            "e2bfb730-ecaa-11e6-8f88-34363bc7c4c0": {
                                "create": 240000000000,
                                "delete": 240000000000,
                                "update": 240000000000
                            },
                            "schema_version": "1"
                        },
                        "tainted": false
                    },
                    "deposed": [],
                    "provider": "provider.google"
                },
                "google_compute_firewall.firewall1": {
                    "type": "google_compute_firewall",
                    "depends_on": [
                        "google_compute_network.network"
                    ],
                    "primary": {
                        "id": "firewall1",
                        "attributes": {
                            "allow.#": "2",
                            "allow.1367131964.ports.#": "0",
                            "allow.1367131964.protocol": "icmp",
                            "allow.803338340.ports.#": "1",
                            "allow.803338340.ports.0": "22",
                            "allow.803338340.protocol": "tcp",
                            "creation_timestamp": "2019-05-28T02:37:08.536-07:00",
                            "deny.#": "0",
                            "description": "",
                            "destination_ranges.#": "0",
                            "direction": "INGRESS",
                            "disabled": "false",
                            "id": "firewall1",
                            "name": "firewall1",
                            "network": "https://www.googleapis.com/compute/v1/projects/projet1-241907/global/networks/vnet",
                            "priority": "1000",
                            "project": "projet1-241907",
                            "self_link": "https://www.googleapis.com/compute/v1/projects/projet1-241907/global/firewalls/firewall1",
                            "source_ranges.#": "0",
                            "source_service_accounts.#": "0",
                            "source_tags.#": "1",
                            "source_tags.2479952447": "too",
                            "target_service_accounts.#": "0",
                            "target_tags.#": "0"
                        },
                        "meta": {
                            "e2bfb730-ecaa-11e6-8f88-34363bc7c4c0": {
                                "create": 240000000000,
                                "delete": 240000000000,
                                "update": 240000000000
                            },
                            "schema_version": "1"
                        },
                        "tainted": false
                    },
                    "deposed": [],
                    "provider": "provider.google"
                },
                "google_compute_instance.instance": {
                    "type": "google_compute_instance",
                    "depends_on": [
                        "google_compute_network.network",
                        "google_compute_subnetwork.subnet1"
                    ],
                    "primary": {
                        "id": "machine",
                        "attributes": {
                            "attached_disk.#": "0",
                            "boot_disk.#": "1",
                            "boot_disk.0.auto_delete": "true",
                            "boot_disk.0.device_name": "persistent-disk-0",
                            "boot_disk.0.disk_encryption_key_raw": "",
                            "boot_disk.0.disk_encryption_key_sha256": "",
                            "boot_disk.0.initialize_params.#": "1",
                            "boot_disk.0.initialize_params.0.image": "https://www.googleapis.com/compute/v1/projects/ubuntu-os-cloud/global/images/ubuntu-1604-xenial-v20190514",
                            "boot_disk.0.initialize_params.0.size": "30",
                            "boot_disk.0.initialize_params.0.type": "pd-standard",
                            "boot_disk.0.kms_key_self_link": "",
                            "boot_disk.0.source": "https://www.googleapis.com/compute/v1/projects/projet1-241907/zones/us-central1-a/disks/machine",
                            "can_ip_forward": "false",
                            "cpu_platform": "Intel Haswell",
                            "deletion_protection": "false",
                            "guest_accelerator.#": "0",
                            "hostname": "",
                            "id": "machine",
                            "instance_id": "2495670876435955599",
                            "label_fingerprint": "42WmSpB8rSM=",
                            "labels.%": "0",
                            "machine_type": "n1-standard-1",
                            "metadata.%": "1",
                            "metadata.ssh-keys": "root:ssh-rsa AAAAB3NzaC1yc2EAAAADAQABAAABAQCmLTbm3lO5+VdKCeXp7xj/NMr11J+b8pRUTNulqXALHKuG0lKfbChjTuhef+0wZvZ6PHQgRI4uX9rkwjFfwnMM7MyGd8za6NuOmf9jSMEtut+eVMSsq+xxRXw8kAlGX4tiYYGQhX4Hyq/hvatFE8YrcGrZbQVneJWJqstOP3bczTEVhviCRYKU0ZHAxmMCvlALzP/o0migLzQpjn0B7QfIDhFX+HBN5UL0E6L76F2VC/Uo64x/YpWsyq8+nqHTKFwlyVrgXhUJEvTT2s/4A6JHPAoOHW+tsEHaYUsERwh4ehyoPgxcAKss/E5yZbqyvydgRt4zHai7ZND55iwuJgIf root@localhost.localdomain\n",
                            "metadata_fingerprint": "kHAE8stvQ7o=",
                            "metadata_startup_script": "",
                            "min_cpu_platform": "",
                            "name": "machine",
                            "network_interface.#": "1",
                            "network_interface.0.access_config.#": "1",
                            "network_interface.0.access_config.0.assigned_nat_ip": "",
                            "network_interface.0.access_config.0.nat_ip": "35.192.97.178",
                            "network_interface.0.access_config.0.network_tier": "PREMIUM",
                            "network_interface.0.access_config.0.public_ptr_domain_name": "",
                            "network_interface.0.address": "",
                            "network_interface.0.alias_ip_range.#": "0",
                            "network_interface.0.name": "nic0",
                            "network_interface.0.network": "https://www.googleapis.com/compute/v1/projects/projet1-241907/global/networks/vnet",
                            "network_interface.0.network_ip": "10.0.0.2",
                            "network_interface.0.subnetwork": "https://www.googleapis.com/compute/v1/projects/projet1-241907/regions/us-central1/subnetworks/subnet1",
                            "network_interface.0.subnetwork_project": "projet1-241907",
                            "project": "projet1-241907",
                            "scheduling.#": "1",
                            "scheduling.0.automatic_restart": "true",
                            "scheduling.0.node_affinities.#": "0",
                            "scheduling.0.on_host_maintenance": "MIGRATE",
                            "scheduling.0.preemptible": "false",
                            "scratch_disk.#": "0",
                            "self_link": "https://www.googleapis.com/compute/v1/projects/projet1-241907/zones/us-central1-a/instances/machine",
                            "service_account.#": "0",
                            "shielded_instance_config.#": "0",
                            "tags.#": "1",
                            "tags.2356372769": "foo",
                            "tags_fingerprint": "dTwiLQiQFJI=",
                            "zone": "us-central1-a"
                        },
                        "meta": {
                            "e2bfb730-ecaa-11e6-8f88-34363bc7c4c0": {
                                "create": 360000000000,
                                "delete": 360000000000,
                                "update": 360000000000
                            },
                            "schema_version": "6"
                        },
                        "tainted": false
                    },
                    "deposed": [],
                    "provider": "provider.google"
                },
                "google_compute_network.network": {
                    "type": "google_compute_network",
                    "depends_on": [],
                    "primary": {
                        "id": "vnet",
                        "attributes": {
                            "auto_create_subnetworks": "false",
                            "delete_default_routes_on_create": "false",
                            "description": "",
                            "gateway_ipv4": "",
                            "id": "vnet",
                            "ipv4_range": "",
                            "name": "vnet",
                            "project": "projet1-241907",
                            "routing_mode": "REGIONAL",
                            "self_link": "https://www.googleapis.com/compute/v1/projects/projet1-241907/global/networks/vnet"
                        },
                        "meta": {
                            "e2bfb730-ecaa-11e6-8f88-34363bc7c4c0": {
                                "create": 240000000000,
                                "delete": 240000000000,
                                "update": 240000000000
                            }
                        },
                        "tainted": false
                    },
                    "deposed": [],
                    "provider": "provider.google"
                },
                "google_compute_subnetwork.subnet1": {
                    "type": "google_compute_subnetwork",
                    "depends_on": [
                        "google_compute_network.network"
                    ],
                    "primary": {
                        "id": "us-central1/subnet1",
                        "attributes": {
                            "creation_timestamp": "2019-05-28T02:37:08.796-07:00",
                            "description": "",
                            "enable_flow_logs": "false",
                            "fingerprint": "MdIdvjIQO3s=",
                            "gateway_address": "10.0.0.1",
                            "id": "us-central1/subnet1",
                            "ip_cidr_range": "10.0.0.0/16",
                            "name": "subnet1",
                            "network": "https://www.googleapis.com/compute/v1/projects/projet1-241907/global/networks/vnet",
                            "private_ip_google_access": "false",
                            "project": "projet1-241907",
                            "region": "us-central1",
                            "secondary_ip_range.#": "0",
                            "self_link": "https://www.googleapis.com/compute/v1/projects/projet1-241907/regions/us-central1/subnetworks/subnet1"
                        },
                        "meta": {
                            "e2bfb730-ecaa-11e6-8f88-34363bc7c4c0": {
                                "create": 360000000000,
                                "delete": 360000000000,
                                "update": 360000000000
                            }
                        },
                        "tainted": false
                    },
                    "deposed": [],
                    "provider": "provider.google"
                },
                "google_compute_subnetwork.subnet2": {
                    "type": "google_compute_subnetwork",
                    "depends_on": [
                        "google_compute_network.network"
                    ],
                    "primary": {
                        "id": "us-central1/subnet-nods",
                        "attributes": {
                            "creation_timestamp": "2019-05-28T02:37:08.797-07:00",
                            "description": "",
                            "enable_flow_logs": "false",
                            "fingerprint": "3C-kXBwUlNQ=",
                            "gateway_address": "172.20.0.1",
                            "id": "us-central1/subnet-nods",
                            "ip_cidr_range": "172.20.0.0/16",
                            "name": "subnet-nods",
                            "network": "https://www.googleapis.com/compute/v1/projects/projet1-241907/global/networks/vnet",
                            "private_ip_google_access": "false",
                            "project": "projet1-241907",
                            "region": "us-central1",
                            "secondary_ip_range.#": "2",
                            "secondary_ip_range.0.ip_cidr_range": "10.200.0.0/16",
                            "secondary_ip_range.0.range_name": "range-pods",
                            "secondary_ip_range.1.ip_cidr_range": "192.168.10.0/27",
                            "secondary_ip_range.1.range_name": "range-services",
                            "self_link": "https://www.googleapis.com/compute/v1/projects/projet1-241907/regions/us-central1/subnetworks/subnet-nods"
                        },
                        "meta": {
                            "e2bfb730-ecaa-11e6-8f88-34363bc7c4c0": {
                                "create": 360000000000,
                                "delete": 360000000000,
                                "update": 360000000000
                            }
                        },
                        "tainted": false
                    },
                    "deposed": [],
                    "provider": "provider.google"
                },
                "google_container_cluster.primary": {
                    "type": "google_container_cluster",
                    "depends_on": [
                        "google_compute_network.network",
                        "google_compute_subnetwork.subnet2"
                    ],
                    "primary": {
                        "id": "tf-gke-helm",
                        "attributes": {
                            "additional_zones.#": "0",
                            "addons_config.#": "1",
                            "addons_config.0.horizontal_pod_autoscaling.#": "0",
                            "addons_config.0.http_load_balancing.#": "0",
                            "addons_config.0.kubernetes_dashboard.#": "1",
                            "addons_config.0.kubernetes_dashboard.0.disabled": "true",
                            "addons_config.0.network_policy_config.#": "1",
                            "addons_config.0.network_policy_config.0.disabled": "true",
                            "cluster_autoscaling.#": "0",
                            "cluster_ipv4_cidr": "10.200.0.0/16",
                            "description": "",
                            "enable_kubernetes_alpha": "false",
                            "enable_legacy_abac": "false",
                            "endpoint": "35.222.210.116",
                            "id": "tf-gke-helm",
                            "initial_node_count": "1",
                            "instance_group_urls.#": "0",
                            "ip_allocation_policy.#": "1",
                            "ip_allocation_policy.0.cluster_ipv4_cidr_block": "10.200.0.0/16",
                            "ip_allocation_policy.0.cluster_secondary_range_name": "range-pods",
                            "ip_allocation_policy.0.create_subnetwork": "false",
                            "ip_allocation_policy.0.node_ipv4_cidr_block": "172.20.0.0/16",
                            "ip_allocation_policy.0.services_ipv4_cidr_block": "192.168.10.0/27",
                            "ip_allocation_policy.0.services_secondary_range_name": "range-services",
                            "ip_allocation_policy.0.subnetwork_name": "",
                            "ip_allocation_policy.0.use_ip_aliases": "true",
                            "location": "us-central1-a",
                            "logging_service": "logging.googleapis.com",
                            "maintenance_policy.#": "0",
                            "master_auth.#": "1",
                            "master_auth.0.client_certificate": "",
                            "master_auth.0.client_certificate_config.#": "1",
                            "master_auth.0.client_certificate_config.0.issue_client_certificate": "false",
                            "master_auth.0.client_key": "",
                            "master_auth.0.cluster_ca_certificate": "LS0tLS1CRUdJTiBDRVJUSUZJQ0FURS0tLS0tCk1JSURERENDQWZTZ0F3SUJBZ0lSQU5uUTZaNkdjZDFUV3cwTU95NmZ2WVV3RFFZSktvWklodmNOQVFFTEJRQXcKTHpFdE1Dc0dBMVVFQXhNa1lUSTNORGczWkRNdFpEYzFaUzAwWVRJMExXSmhORFF0WldFMllURmhZV0V6TW1VNApNQjRYRFRFNU1EVXlPREE0TXpjME5Wb1hEVEkwTURVeU5qQTVNemMwTlZvd0x6RXRNQ3NHQTFVRUF4TWtZVEkzCk5EZzNaRE10WkRjMVpTMDBZVEkwTFdKaE5EUXRaV0UyWVRGaFlXRXpNbVU0TUlJQklqQU5CZ2txaGtpRzl3MEIKQVFFRkFBT0NBUThBTUlJQkNnS0NBUUVBdzF0bGtxOXBwenVVOHh2OTZGeGwvbmp6aCsySVVrOVBrSHlxVUNRNwozM0hBSXFoc2VxMWhHUmI1RUdDVUEzby9RVFk2czNOL3p3Z3FZMDNjT0YzbmVZY0E1VlZ2NkhpMzF0ZWxMd0NzCks2ejFJTm9IK2J1REZud3V1T3BreElscjQ0Z24xYUZLWEw1Z3NQMVlaU1dlSUk0a05BS3RGQ25tK1lSbHcwYXcKbnR4K213K1VBQzR1bEk1YjZkNkxlUDhjUU01ZC92K210RWh4T3lKSmJLcGU2c3VyVWovd0pndUliTlI4dDVaUgpmT0JObXJWWDdWOEdLZi9jL3lWWlFkMWlvVXp3K285V3FxN1NMQkFnZzI5dnFqOVVJcEZUamJJblorUFRxZmgxCkRnVWtFM3YzUkwzMlZOVm5zcXViMHVDN01KS3JzOEJmbithNUJ6cytoRm9kWlFJREFRQUJveU13SVRBT0JnTlYKSFE4QkFmOEVCQU1DQWdRd0R3WURWUjBUQVFIL0JBVXdBd0VCL3pBTkJna3Foa2lHOXcwQkFRc0ZBQU9DQVFFQQptL3FEdDcrMWkyeGFPTUFmYmZTVjh0Y3NkcVoycGIxSFZYdzAwMUE5WWU1cENlUzNBbDR6OWFXMHluMjFHRVBwCmhUb3hxd1VEY3M4aXg2dHI0QVpoaWJ3VWZOZm5YdFR5bndwaEMyVzlRMlk3a3A0ZXRwaUo5cmRGYzJBeFhPQmUKK1FJeDMwWllUMWo3c2RMMGk4RjhnZmpaYURSbStoQUpsam82WHZudVdxUVc5L2I5U0JVSEc1YTdJMjRvcjRZWQpZaVNOdFN3aC9vYzNqQjRWQnUva0pZbm1PcVJoWEdET1VxN1lyOEFvMG03ZFAzVk5iQVhyV1dCTmRHd3FQdkFJCjVxWFpPMERqY0FNRGYvT2I3Q01GVVdJRXdJdkVzTmJnSnlLVjczSGoyU3hacjcreDRlRHU5c3NkZUpVN2gzTVoKQTRLNEZvOXhMVHNBeXB6V1F4VjhJZz09Ci0tLS0tRU5EIENFUlRJRklDQVRFLS0tLS0K",
                            "master_auth.0.password": "",
                            "master_auth.0.username": "",
                            "master_authorized_networks_config.#": "0",
                            "master_version": "1.12.7-gke.10",
                            "monitoring_service": "monitoring.googleapis.com",
                            "name": "tf-gke-helm",
                            "network": "projects/projet1-241907/global/networks/vnet",
                            "network_policy.#": "1",
                            "network_policy.0.enabled": "false",
                            "network_policy.0.provider": "PROVIDER_UNSPECIFIED",
                            "node_config.#": "0",
                            "node_locations.#": "0",
                            "node_pool.#": "0",
                            "node_version": "1.12.7-gke.10",
                            "private_cluster_config.#": "0",
                            "project": "projet1-241907",
                            "remove_default_node_pool": "true",
                            "resource_labels.%": "0",
                            "subnetwork": "projects/projet1-241907/regions/us-central1/subnetworks/subnet-nods",
                            "zone": "us-central1-a"
                        },
                        "meta": {
                            "e2bfb730-ecaa-11e6-8f88-34363bc7c4c0": {
                                "create": 1800000000000,
                                "delete": 1800000000000,
                                "update": 1800000000000
                            },
                            "schema_version": "1"
                        },
                        "tainted": false
                    },
                    "deposed": [],
                    "provider": "provider.google"
                },
                "google_container_node_pool.primary_pool": {
                    "type": "google_container_node_pool",
                    "depends_on": [
                        "google_container_cluster.primary"
                    ],
                    "primary": {
                        "id": "us-central1-a/tf-gke-helm/primary-pool",
                        "attributes": {
                            "cluster": "tf-gke-helm",
                            "id": "us-central1-a/tf-gke-helm/primary-pool",
                            "initial_node_count": "2",
                            "instance_group_urls.#": "1",
                            "instance_group_urls.0": "https://www.googleapis.com/compute/v1/projects/projet1-241907/zones/us-central1-a/instanceGroupManagers/gke-tf-gke-helm-primary-pool-7f4f5c65-grp",
                            "location": "us-central1-a",
                            "management.#": "1",
                            "management.0.auto_repair": "false",
                            "management.0.auto_upgrade": "false",
                            "name": "primary-pool",
                            "name_prefix": "",
                            "node_config.#": "1",
                            "node_config.0.disk_size_gb": "100",
                            "node_config.0.disk_type": "pd-standard",
                            "node_config.0.guest_accelerator.#": "0",
                            "node_config.0.image_type": "COS",
                            "node_config.0.labels.%": "0",
                            "node_config.0.local_ssd_count": "0",
                            "node_config.0.machine_type": "n1-standard-1",
                            "node_config.0.metadata.%": "1",
                            "node_config.0.metadata.disable-legacy-endpoints": "true",
                            "node_config.0.min_cpu_platform": "",
                            "node_config.0.oauth_scopes.#": "2",
                            "node_config.0.oauth_scopes.1277378754": "https://www.googleapis.com/auth/monitoring",
                            "node_config.0.oauth_scopes.172152165": "https://www.googleapis.com/auth/logging.write",
                            "node_config.0.preemptible": "false",
                            "node_config.0.service_account": "default",
                            "node_config.0.tags.#": "0",
                            "node_config.0.taint.#": "0",
                            "node_config.0.workload_metadata_config.#": "0",
                            "node_count": "2",
                            "project": "projet1-241907",
                            "version": "1.12.7-gke.10",
                            "zone": "us-central1-a"
                        },
                        "meta": {
                            "e2bfb730-ecaa-11e6-8f88-34363bc7c4c0": {
                                "create": 1800000000000,
                                "delete": 600000000000,
                                "update": 600000000000
                            },
                            "schema_version": "1"
                        },
                        "tainted": false
                    },
                    "deposed": [],
                    "provider": "provider.google"
                }
            },
            "depends_on": []
        }
    ]
}
